// !$*UTF8*$!
{
	archiveVersion = 1;
	classes = {
	};
	objectVersion = 51;
	objects = {

/* Begin PBXBuildFile section */
		B6114248357AD11E179DDDA5 /* Pods_projetDev3.framework in Frameworks */ = {isa = PBXBuildFile; fileRef = 66F7BF63CB26168CDA2F7396 /* Pods_projetDev3.framework */; };
		F94FCEFE24A0CF90008CFAC6 /* toolkit.swift in Sources */ = {isa = PBXBuildFile; fileRef = F94FCEFD24A0CF90008CFAC6 /* toolkit.swift */; };
		F94FCF0324A48347008CFAC6 /* GameFinderController.swift in Sources */ = {isa = PBXBuildFile; fileRef = F94FCF0224A48347008CFAC6 /* GameFinderController.swift */; };
		F94FCF0924A48606008CFAC6 /* MarioController.swift in Sources */ = {isa = PBXBuildFile; fileRef = F94FCF0824A48606008CFAC6 /* MarioController.swift */; };
		F94FCF0D24A48D22008CFAC6 /* LogController.swift in Sources */ = {isa = PBXBuildFile; fileRef = F94FCF0C24A48D22008CFAC6 /* LogController.swift */; };
		F94FCF1124A4AD3D008CFAC6 /* TapBarController.swift in Sources */ = {isa = PBXBuildFile; fileRef = F94FCF1024A4AD3D008CFAC6 /* TapBarController.swift */; };
		F951925E24AB8AD800ED18C1 /* ResultController.swift in Sources */ = {isa = PBXBuildFile; fileRef = F951925D24AB8AD800ED18C1 /* ResultController.swift */; };
		F951926024AC909500ED18C1 /* SaloonController.swift in Sources */ = {isa = PBXBuildFile; fileRef = F951925F24AC909500ED18C1 /* SaloonController.swift */; };
		F951926224AC90A900ED18C1 /* ChatController.swift in Sources */ = {isa = PBXBuildFile; fileRef = F951926124AC90A900ED18C1 /* ChatController.swift */; };
		F951926424ACBEB100ED18C1 /* FireAuth.swift in Sources */ = {isa = PBXBuildFile; fileRef = F951926324ACBEB100ED18C1 /* FireAuth.swift */; };
		F951926624ACBF5800ED18C1 /* FireDB.swift in Sources */ = {isa = PBXBuildFile; fileRef = F951926524ACBF5800ED18C1 /* FireDB.swift */; };
		F951926824ACBF9C00ED18C1 /* ExtensionUiViewController.swift in Sources */ = {isa = PBXBuildFile; fileRef = F951926724ACBF9C00ED18C1 /* ExtensionUiViewController.swift */; };
		F951926A24ACBFB900ED18C1 /* Credentials.swift in Sources */ = {isa = PBXBuildFile; fileRef = F951926924ACBFB900ED18C1 /* Credentials.swift */; };
		F951926C24ACC97200ED18C1 /* GoogleService-Info.plist in Resources */ = {isa = PBXBuildFile; fileRef = F951926B24ACC97200ED18C1 /* GoogleService-Info.plist */; };
		F951926F24AE495D00ED18C1 /* Question.swift in Sources */ = {isa = PBXBuildFile; fileRef = F951926E24AE495D00ED18C1 /* Question.swift */; };
		F951927124AE49A400ED18C1 /* Choice.swift in Sources */ = {isa = PBXBuildFile; fileRef = F951927024AE49A400ED18C1 /* Choice.swift */; };
		F951927324AF878700ED18C1 /* Answer.swift in Sources */ = {isa = PBXBuildFile; fileRef = F951927224AF878700ED18C1 /* Answer.swift */; };
		F968C5E824920DFB007123DE /* AppDelegate.swift in Sources */ = {isa = PBXBuildFile; fileRef = F968C5E724920DFB007123DE /* AppDelegate.swift */; };
		F968C5EA24920DFB007123DE /* SceneDelegate.swift in Sources */ = {isa = PBXBuildFile; fileRef = F968C5E924920DFB007123DE /* SceneDelegate.swift */; };
		F968C5EC24920DFB007123DE /* ViewController.swift in Sources */ = {isa = PBXBuildFile; fileRef = F968C5EB24920DFB007123DE /* ViewController.swift */; };
		F968C5EF24920DFB007123DE /* Main.storyboard in Resources */ = {isa = PBXBuildFile; fileRef = F968C5ED24920DFB007123DE /* Main.storyboard */; };
		F968C5F124920DFD007123DE /* Assets.xcassets in Resources */ = {isa = PBXBuildFile; fileRef = F968C5F024920DFD007123DE /* Assets.xcassets */; };
		F968C5F424920DFD007123DE /* LaunchScreen.storyboard in Resources */ = {isa = PBXBuildFile; fileRef = F968C5F224920DFD007123DE /* LaunchScreen.storyboard */; };
		F9BA10E5249219F2002242DA /* Raleway-Regular.ttf in Resources */ = {isa = PBXBuildFile; fileRef = F9BA10E4249219F2002242DA /* Raleway-Regular.ttf */; };
		F9BA10E7249219F5002242DA /* SairaStencilOne-Regular.ttf in Resources */ = {isa = PBXBuildFile; fileRef = F9BA10E6249219F5002242DA /* SairaStencilOne-Regular.ttf */; };
		F9BA10E92492307F002242DA /* HomeController.swift in Sources */ = {isa = PBXBuildFile; fileRef = F9BA10E82492307F002242DA /* HomeController.swift */; };
		F9BA10EB24923090002242DA /* AccueilController.swift in Sources */ = {isa = PBXBuildFile; fileRef = F9BA10EA24923090002242DA /* AccueilController.swift */; };
		F9BA10ED249233EA002242DA /* GameController.swift in Sources */ = {isa = PBXBuildFile; fileRef = F9BA10EC249233EA002242DA /* GameController.swift */; };
		F9D2255524B200EB00056662 /* Message.swift in Sources */ = {isa = PBXBuildFile; fileRef = F9D2255424B200EB00056662 /* Message.swift */; };
		F9D2255724B200FC00056662 /* Chat.swift in Sources */ = {isa = PBXBuildFile; fileRef = F9D2255624B200FC00056662 /* Chat.swift */; };
		F9E9F80F24A0ABD9003A5660 /* GameViewController.swift in Sources */ = {isa = PBXBuildFile; fileRef = F9E9F80E24A0ABD9003A5660 /* GameViewController.swift */; };
		F9E9F81124A0ABE7003A5660 /* ChatViewController.swift in Sources */ = {isa = PBXBuildFile; fileRef = F9E9F81024A0ABE7003A5660 /* ChatViewController.swift */; };
		F9E9F81324A0AC0B003A5660 /* ProfileViewController.swift in Sources */ = {isa = PBXBuildFile; fileRef = F9E9F81224A0AC0B003A5660 /* ProfileViewController.swift */; };
/* End PBXBuildFile section */

/* Begin PBXFileReference section */
		66F7BF63CB26168CDA2F7396 /* Pods_projetDev3.framework */ = {isa = PBXFileReference; explicitFileType = wrapper.framework; includeInIndex = 0; path = Pods_projetDev3.framework; sourceTree = BUILT_PRODUCTS_DIR; };
		955B54623F2F812DD5FAD6B7 /* Pods-projetDev3.debug.xcconfig */ = {isa = PBXFileReference; includeInIndex = 1; lastKnownFileType = text.xcconfig; name = "Pods-projetDev3.debug.xcconfig"; path = "Target Support Files/Pods-projetDev3/Pods-projetDev3.debug.xcconfig"; sourceTree = "<group>"; };
		A85DB04089062ECCE203730D /* Pods-projetDev3.release.xcconfig */ = {isa = PBXFileReference; includeInIndex = 1; lastKnownFileType = text.xcconfig; name = "Pods-projetDev3.release.xcconfig"; path = "Target Support Files/Pods-projetDev3/Pods-projetDev3.release.xcconfig"; sourceTree = "<group>"; };
		F94FCEFD24A0CF90008CFAC6 /* toolkit.swift */ = {isa = PBXFileReference; lastKnownFileType = sourcecode.swift; path = toolkit.swift; sourceTree = "<group>"; };
		F94FCF0224A48347008CFAC6 /* GameFinderController.swift */ = {isa = PBXFileReference; lastKnownFileType = sourcecode.swift; path = GameFinderController.swift; sourceTree = "<group>"; };
		F94FCF0824A48606008CFAC6 /* MarioController.swift */ = {isa = PBXFileReference; lastKnownFileType = sourcecode.swift; path = MarioController.swift; sourceTree = "<group>"; };
		F94FCF0C24A48D22008CFAC6 /* LogController.swift */ = {isa = PBXFileReference; lastKnownFileType = sourcecode.swift; path = LogController.swift; sourceTree = "<group>"; };
		F94FCF1024A4AD3D008CFAC6 /* TapBarController.swift */ = {isa = PBXFileReference; lastKnownFileType = sourcecode.swift; path = TapBarController.swift; sourceTree = "<group>"; };
		F951925D24AB8AD800ED18C1 /* ResultController.swift */ = {isa = PBXFileReference; lastKnownFileType = sourcecode.swift; path = ResultController.swift; sourceTree = "<group>"; };
		F951925F24AC909500ED18C1 /* SaloonController.swift */ = {isa = PBXFileReference; lastKnownFileType = sourcecode.swift; path = SaloonController.swift; sourceTree = "<group>"; };
		F951926124AC90A900ED18C1 /* ChatController.swift */ = {isa = PBXFileReference; lastKnownFileType = sourcecode.swift; path = ChatController.swift; sourceTree = "<group>"; };
		F951926324ACBEB100ED18C1 /* FireAuth.swift */ = {isa = PBXFileReference; lastKnownFileType = sourcecode.swift; path = FireAuth.swift; sourceTree = "<group>"; };
		F951926524ACBF5800ED18C1 /* FireDB.swift */ = {isa = PBXFileReference; lastKnownFileType = sourcecode.swift; path = FireDB.swift; sourceTree = "<group>"; };
		F951926724ACBF9C00ED18C1 /* ExtensionUiViewController.swift */ = {isa = PBXFileReference; lastKnownFileType = sourcecode.swift; path = ExtensionUiViewController.swift; sourceTree = "<group>"; };
		F951926924ACBFB900ED18C1 /* Credentials.swift */ = {isa = PBXFileReference; lastKnownFileType = sourcecode.swift; path = Credentials.swift; sourceTree = "<group>"; };
		F951926B24ACC97200ED18C1 /* GoogleService-Info.plist */ = {isa = PBXFileReference; fileEncoding = 4; lastKnownFileType = text.plist.xml; path = "GoogleService-Info.plist"; sourceTree = "<group>"; };
		F951926E24AE495D00ED18C1 /* Question.swift */ = {isa = PBXFileReference; lastKnownFileType = sourcecode.swift; path = Question.swift; sourceTree = "<group>"; };
		F951927024AE49A400ED18C1 /* Choice.swift */ = {isa = PBXFileReference; lastKnownFileType = sourcecode.swift; path = Choice.swift; sourceTree = "<group>"; };
		F951927224AF878700ED18C1 /* Answer.swift */ = {isa = PBXFileReference; lastKnownFileType = sourcecode.swift; path = Answer.swift; sourceTree = "<group>"; };
		F968C5E424920DFB007123DE /* projetDev3.app */ = {isa = PBXFileReference; explicitFileType = wrapper.application; includeInIndex = 0; path = projetDev3.app; sourceTree = BUILT_PRODUCTS_DIR; };
		F968C5E724920DFB007123DE /* AppDelegate.swift */ = {isa = PBXFileReference; lastKnownFileType = sourcecode.swift; path = AppDelegate.swift; sourceTree = "<group>"; };
		F968C5E924920DFB007123DE /* SceneDelegate.swift */ = {isa = PBXFileReference; lastKnownFileType = sourcecode.swift; path = SceneDelegate.swift; sourceTree = "<group>"; };
		F968C5EB24920DFB007123DE /* ViewController.swift */ = {isa = PBXFileReference; lastKnownFileType = sourcecode.swift; path = ViewController.swift; sourceTree = "<group>"; };
		F968C5EE24920DFB007123DE /* Base */ = {isa = PBXFileReference; lastKnownFileType = file.storyboard; name = Base; path = Base.lproj/Main.storyboard; sourceTree = "<group>"; };
		F968C5F024920DFD007123DE /* Assets.xcassets */ = {isa = PBXFileReference; lastKnownFileType = folder.assetcatalog; path = Assets.xcassets; sourceTree = "<group>"; };
		F968C5F324920DFD007123DE /* Base */ = {isa = PBXFileReference; lastKnownFileType = file.storyboard; name = Base; path = Base.lproj/LaunchScreen.storyboard; sourceTree = "<group>"; };
		F968C5F524920DFD007123DE /* Info.plist */ = {isa = PBXFileReference; lastKnownFileType = text.plist.xml; path = Info.plist; sourceTree = "<group>"; };
		F9BA10E4249219F2002242DA /* Raleway-Regular.ttf */ = {isa = PBXFileReference; lastKnownFileType = file; path = "Raleway-Regular.ttf"; sourceTree = "<group>"; };
		F9BA10E6249219F5002242DA /* SairaStencilOne-Regular.ttf */ = {isa = PBXFileReference; lastKnownFileType = file; path = "SairaStencilOne-Regular.ttf"; sourceTree = "<group>"; };
		F9BA10E82492307F002242DA /* HomeController.swift */ = {isa = PBXFileReference; lastKnownFileType = sourcecode.swift; path = HomeController.swift; sourceTree = "<group>"; };
		F9BA10EA24923090002242DA /* AccueilController.swift */ = {isa = PBXFileReference; lastKnownFileType = sourcecode.swift; path = AccueilController.swift; sourceTree = "<group>"; };
		F9BA10EC249233EA002242DA /* GameController.swift */ = {isa = PBXFileReference; lastKnownFileType = sourcecode.swift; path = GameController.swift; sourceTree = "<group>"; };
		F9D2255424B200EB00056662 /* Message.swift */ = {isa = PBXFileReference; lastKnownFileType = sourcecode.swift; path = Message.swift; sourceTree = "<group>"; };
		F9D2255624B200FC00056662 /* Chat.swift */ = {isa = PBXFileReference; lastKnownFileType = sourcecode.swift; path = Chat.swift; sourceTree = "<group>"; };
		F9E9F80E24A0ABD9003A5660 /* GameViewController.swift */ = {isa = PBXFileReference; lastKnownFileType = sourcecode.swift; path = GameViewController.swift; sourceTree = "<group>"; };
		F9E9F81024A0ABE7003A5660 /* ChatViewController.swift */ = {isa = PBXFileReference; lastKnownFileType = sourcecode.swift; path = ChatViewController.swift; sourceTree = "<group>"; };
		F9E9F81224A0AC0B003A5660 /* ProfileViewController.swift */ = {isa = PBXFileReference; lastKnownFileType = sourcecode.swift; path = ProfileViewController.swift; sourceTree = "<group>"; };
/* End PBXFileReference section */

/* Begin PBXFrameworksBuildPhase section */
		F968C5E124920DFB007123DE /* Frameworks */ = {
			isa = PBXFrameworksBuildPhase;
			buildActionMask = 2147483647;
			files = (
				B6114248357AD11E179DDDA5 /* Pods_projetDev3.framework in Frameworks */,
			);
			runOnlyForDeploymentPostprocessing = 0;
		};
/* End PBXFrameworksBuildPhase section */

/* Begin PBXGroup section */
		352A6ED8CD134F6F2B49C83B /* Pods */ = {
			isa = PBXGroup;
			children = (
				955B54623F2F812DD5FAD6B7 /* Pods-projetDev3.debug.xcconfig */,
				A85DB04089062ECCE203730D /* Pods-projetDev3.release.xcconfig */,
			);
			path = Pods;
			sourceTree = "<group>";
		};
		93CA4B7FE5206F8D45570A8F /* Frameworks */ = {
			isa = PBXGroup;
			children = (
				66F7BF63CB26168CDA2F7396 /* Pods_projetDev3.framework */,
			);
			name = Frameworks;
			sourceTree = "<group>";
		};
		F94FCEFF24A47C0A008CFAC6 /* controller */ = {
			isa = PBXGroup;
			children = (
				F9BA10E82492307F002242DA /* HomeController.swift */,
				F9BA10EA24923090002242DA /* AccueilController.swift */,
				F9BA10EC249233EA002242DA /* GameController.swift */,
				F9E9F80E24A0ABD9003A5660 /* GameViewController.swift */,
				F9E9F81024A0ABE7003A5660 /* ChatViewController.swift */,
				F9E9F81224A0AC0B003A5660 /* ProfileViewController.swift */,
				F94FCF0224A48347008CFAC6 /* GameFinderController.swift */,
				F94FCF0824A48606008CFAC6 /* MarioController.swift */,
				F94FCF0C24A48D22008CFAC6 /* LogController.swift */,
				F94FCF1024A4AD3D008CFAC6 /* TapBarController.swift */,
				F951925D24AB8AD800ED18C1 /* ResultController.swift */,
				F951925F24AC909500ED18C1 /* SaloonController.swift */,
				F951926124AC90A900ED18C1 /* ChatController.swift */,
				F951926324ACBEB100ED18C1 /* FireAuth.swift */,
				F951926524ACBF5800ED18C1 /* FireDB.swift */,
				F951926924ACBFB900ED18C1 /* Credentials.swift */,
				F951926724ACBF9C00ED18C1 /* ExtensionUiViewController.swift */,
				F9D2255424B200EB00056662 /* Message.swift */,
				F9D2255624B200FC00056662 /* Chat.swift */,
			);
			path = controller;
			sourceTree = "<group>";
		};
		F951926D24AE48B400ED18C1 /* Model */ = {
			isa = PBXGroup;
			children = (
				F951926E24AE495D00ED18C1 /* Question.swift */,
				F951927024AE49A400ED18C1 /* Choice.swift */,
				F951927224AF878700ED18C1 /* Answer.swift */,
			);
			path = Model;
			sourceTree = "<group>";
		};
		F968C5DB24920DFB007123DE = {
			isa = PBXGroup;
			children = (
				F968C5E624920DFB007123DE /* projetDev3 */,
				F968C5E524920DFB007123DE /* Products */,
				352A6ED8CD134F6F2B49C83B /* Pods */,
				93CA4B7FE5206F8D45570A8F /* Frameworks */,
			);
			sourceTree = "<group>";
		};
		F968C5E524920DFB007123DE /* Products */ = {
			isa = PBXGroup;
			children = (
				F968C5E424920DFB007123DE /* projetDev3.app */,
			);
			name = Products;
			sourceTree = "<group>";
		};
		F968C5E624920DFB007123DE /* projetDev3 */ = {
			isa = PBXGroup;
			children = (
				F951926D24AE48B400ED18C1 /* Model */,
				F94FCEFF24A47C0A008CFAC6 /* controller */,
				F9BA10E4249219F2002242DA /* Raleway-Regular.ttf */,
				F9BA10E6249219F5002242DA /* SairaStencilOne-Regular.ttf */,
				F968C5E724920DFB007123DE /* AppDelegate.swift */,
				F968C5E924920DFB007123DE /* SceneDelegate.swift */,
				F968C5EB24920DFB007123DE /* ViewController.swift */,
				F968C5ED24920DFB007123DE /* Main.storyboard */,
				F968C5F024920DFD007123DE /* Assets.xcassets */,
				F968C5F224920DFD007123DE /* LaunchScreen.storyboard */,
				F951926B24ACC97200ED18C1 /* GoogleService-Info.plist */,
				F968C5F524920DFD007123DE /* Info.plist */,
				F94FCEFD24A0CF90008CFAC6 /* toolkit.swift */,
			);
			path = projetDev3;
			sourceTree = "<group>";
		};
/* End PBXGroup section */

/* Begin PBXNativeTarget section */
		F968C5E324920DFB007123DE /* projetDev3 */ = {
			isa = PBXNativeTarget;
			buildConfigurationList = F968C5F824920DFD007123DE /* Build configuration list for PBXNativeTarget "projetDev3" */;
			buildPhases = (
				9CFB48EB48E38F9702EDD20F /* [CP] Check Pods Manifest.lock */,
				F968C5E024920DFB007123DE /* Sources */,
				F968C5E124920DFB007123DE /* Frameworks */,
				F968C5E224920DFB007123DE /* Resources */,
				645736494DEC32BFB9002904 /* [CP] Embed Pods Frameworks */,
			);
			buildRules = (
			);
			dependencies = (
			);
			name = projetDev3;
			productName = projetDev3;
			productReference = F968C5E424920DFB007123DE /* projetDev3.app */;
			productType = "com.apple.product-type.application";
		};
/* End PBXNativeTarget section */

/* Begin PBXProject section */
		F968C5DC24920DFB007123DE /* Project object */ = {
			isa = PBXProject;
			attributes = {
				LastSwiftUpdateCheck = 1140;
				LastUpgradeCheck = 1140;
				ORGANIZATIONNAME = "Léonard Elrio";
				TargetAttributes = {
					F968C5E324920DFB007123DE = {
						CreatedOnToolsVersion = 11.4;
					};
				};
			};
			buildConfigurationList = F968C5DF24920DFB007123DE /* Build configuration list for PBXProject "projetDev3" */;
			compatibilityVersion = "Xcode 9.3";
			developmentRegion = en;
			hasScannedForEncodings = 0;
			knownRegions = (
				en,
				Base,
			);
			mainGroup = F968C5DB24920DFB007123DE;
			productRefGroup = F968C5E524920DFB007123DE /* Products */;
			projectDirPath = "";
			projectRoot = "";
			targets = (
				F968C5E324920DFB007123DE /* projetDev3 */,
			);
		};
/* End PBXProject section */

/* Begin PBXResourcesBuildPhase section */
		F968C5E224920DFB007123DE /* Resources */ = {
			isa = PBXResourcesBuildPhase;
			buildActionMask = 2147483647;
			files = (
				F9BA10E7249219F5002242DA /* SairaStencilOne-Regular.ttf in Resources */,
				F951926C24ACC97200ED18C1 /* GoogleService-Info.plist in Resources */,
				F968C5F424920DFD007123DE /* LaunchScreen.storyboard in Resources */,
				F9BA10E5249219F2002242DA /* Raleway-Regular.ttf in Resources */,
				F968C5F124920DFD007123DE /* Assets.xcassets in Resources */,
				F968C5EF24920DFB007123DE /* Main.storyboard in Resources */,
			);
			runOnlyForDeploymentPostprocessing = 0;
		};
/* End PBXResourcesBuildPhase section */

/* Begin PBXShellScriptBuildPhase section */
		645736494DEC32BFB9002904 /* [CP] Embed Pods Frameworks */ = {
			isa = PBXShellScriptBuildPhase;
			buildActionMask = 2147483647;
			files = (
			);
			inputFileListPaths = (
				"${PODS_ROOT}/Target Support Files/Pods-projetDev3/Pods-projetDev3-frameworks-${CONFIGURATION}-input-files.xcfilelist",
			);
			name = "[CP] Embed Pods Frameworks";
			outputFileListPaths = (
				"${PODS_ROOT}/Target Support Files/Pods-projetDev3/Pods-projetDev3-frameworks-${CONFIGURATION}-output-files.xcfilelist",
			);
			runOnlyForDeploymentPostprocessing = 0;
			shellPath = /bin/sh;
			shellScript = "\"${PODS_ROOT}/Target Support Files/Pods-projetDev3/Pods-projetDev3-frameworks.sh\"\n";
			showEnvVarsInLog = 0;
		};
		9CFB48EB48E38F9702EDD20F /* [CP] Check Pods Manifest.lock */ = {
			isa = PBXShellScriptBuildPhase;
			buildActionMask = 2147483647;
			files = (
			);
			inputFileListPaths = (
			);
			inputPaths = (
				"${PODS_PODFILE_DIR_PATH}/Podfile.lock",
				"${PODS_ROOT}/Manifest.lock",
			);
			name = "[CP] Check Pods Manifest.lock";
			outputFileListPaths = (
			);
			outputPaths = (
				"$(DERIVED_FILE_DIR)/Pods-projetDev3-checkManifestLockResult.txt",
			);
			runOnlyForDeploymentPostprocessing = 0;
			shellPath = /bin/sh;
			shellScript = "diff \"${PODS_PODFILE_DIR_PATH}/Podfile.lock\" \"${PODS_ROOT}/Manifest.lock\" > /dev/null\nif [ $? != 0 ] ; then\n    # print error to STDERR\n    echo \"error: The sandbox is not in sync with the Podfile.lock. Run 'pod install' or update your CocoaPods installation.\" >&2\n    exit 1\nfi\n# This output is used by Xcode 'outputs' to avoid re-running this script phase.\necho \"SUCCESS\" > \"${SCRIPT_OUTPUT_FILE_0}\"\n";
			showEnvVarsInLog = 0;
		};
/* End PBXShellScriptBuildPhase section */

/* Begin PBXSourcesBuildPhase section */
		F968C5E024920DFB007123DE /* Sources */ = {
			isa = PBXSourcesBuildPhase;
			buildActionMask = 2147483647;
			files = (
				F94FCF0924A48606008CFAC6 /* MarioController.swift in Sources */,
				F94FCF1124A4AD3D008CFAC6 /* TapBarController.swift in Sources */,
				F9BA10E92492307F002242DA /* HomeController.swift in Sources */,
				F951926024AC909500ED18C1 /* SaloonController.swift in Sources */,
				F951925E24AB8AD800ED18C1 /* ResultController.swift in Sources */,
				F9BA10ED249233EA002242DA /* GameController.swift in Sources */,
				F968C5EC24920DFB007123DE /* ViewController.swift in Sources */,
				F94FCF0324A48347008CFAC6 /* GameFinderController.swift in Sources */,
				F94FCF0D24A48D22008CFAC6 /* LogController.swift in Sources */,
				F9D2255524B200EB00056662 /* Message.swift in Sources */,
				F951926F24AE495D00ED18C1 /* Question.swift in Sources */,
				F951926424ACBEB100ED18C1 /* FireAuth.swift in Sources */,
				F9E9F81124A0ABE7003A5660 /* ChatViewController.swift in Sources */,
				F9D2255724B200FC00056662 /* Chat.swift in Sources */,
				F968C5E824920DFB007123DE /* AppDelegate.swift in Sources */,
				F9E9F80F24A0ABD9003A5660 /* GameViewController.swift in Sources */,
				F951926A24ACBFB900ED18C1 /* Credentials.swift in Sources */,
				F951927324AF878700ED18C1 /* Answer.swift in Sources */,
				F968C5EA24920DFB007123DE /* SceneDelegate.swift in Sources */,
				F951926624ACBF5800ED18C1 /* FireDB.swift in Sources */,
				F9E9F81324A0AC0B003A5660 /* ProfileViewController.swift in Sources */,
				F94FCEFE24A0CF90008CFAC6 /* toolkit.swift in Sources */,
				F9BA10EB24923090002242DA /* AccueilController.swift in Sources */,
				F951927124AE49A400ED18C1 /* Choice.swift in Sources */,
				F951926224AC90A900ED18C1 /* ChatController.swift in Sources */,
				F951926824ACBF9C00ED18C1 /* ExtensionUiViewController.swift in Sources */,
			);
			runOnlyForDeploymentPostprocessing = 0;
		};
/* End PBXSourcesBuildPhase section */

/* Begin PBXVariantGroup section */
		F968C5ED24920DFB007123DE /* Main.storyboard */ = {
			isa = PBXVariantGroup;
			children = (
				F968C5EE24920DFB007123DE /* Base */,
			);
			name = Main.storyboard;
			sourceTree = "<group>";
		};
		F968C5F224920DFD007123DE /* LaunchScreen.storyboard */ = {
			isa = PBXVariantGroup;
			children = (
				F968C5F324920DFD007123DE /* Base */,
			);
			name = LaunchScreen.storyboard;
			sourceTree = "<group>";
		};
/* End PBXVariantGroup section */

/* Begin XCBuildConfiguration section */
		F968C5F624920DFD007123DE /* Debug */ = {
			isa = XCBuildConfiguration;
			buildSettings = {
				ALWAYS_SEARCH_USER_PATHS = NO;
				CLANG_ANALYZER_NONNULL = YES;
				CLANG_ANALYZER_NUMBER_OBJECT_CONVERSION = YES_AGGRESSIVE;
				CLANG_CXX_LANGUAGE_STANDARD = "gnu++14";
				CLANG_CXX_LIBRARY = "libc++";
				CLANG_ENABLE_MODULES = YES;
				CLANG_ENABLE_OBJC_ARC = YES;
				CLANG_ENABLE_OBJC_WEAK = YES;
				CLANG_WARN_BLOCK_CAPTURE_AUTORELEASING = YES;
				CLANG_WARN_BOOL_CONVERSION = YES;
				CLANG_WARN_COMMA = YES;
				CLANG_WARN_CONSTANT_CONVERSION = YES;
				CLANG_WARN_DEPRECATED_OBJC_IMPLEMENTATIONS = YES;
				CLANG_WARN_DIRECT_OBJC_ISA_USAGE = YES_ERROR;
				CLANG_WARN_DOCUMENTATION_COMMENTS = YES;
				CLANG_WARN_EMPTY_BODY = YES;
				CLANG_WARN_ENUM_CONVERSION = YES;
				CLANG_WARN_INFINITE_RECURSION = YES;
				CLANG_WARN_INT_CONVERSION = YES;
				CLANG_WARN_NON_LITERAL_NULL_CONVERSION = YES;
				CLANG_WARN_OBJC_IMPLICIT_RETAIN_SELF = YES;
				CLANG_WARN_OBJC_LITERAL_CONVERSION = YES;
				CLANG_WARN_OBJC_ROOT_CLASS = YES_ERROR;
				CLANG_WARN_RANGE_LOOP_ANALYSIS = YES;
				CLANG_WARN_STRICT_PROTOTYPES = YES;
				CLANG_WARN_SUSPICIOUS_MOVE = YES;
				CLANG_WARN_UNGUARDED_AVAILABILITY = YES_AGGRESSIVE;
				CLANG_WARN_UNREACHABLE_CODE = YES;
				CLANG_WARN__DUPLICATE_METHOD_MATCH = YES;
				COPY_PHASE_STRIP = NO;
				DEBUG_INFORMATION_FORMAT = dwarf;
				ENABLE_STRICT_OBJC_MSGSEND = YES;
				ENABLE_TESTABILITY = YES;
				GCC_C_LANGUAGE_STANDARD = gnu11;
				GCC_DYNAMIC_NO_PIC = NO;
				GCC_NO_COMMON_BLOCKS = YES;
				GCC_OPTIMIZATION_LEVEL = 0;
				GCC_PREPROCESSOR_DEFINITIONS = (
					"DEBUG=1",
					"$(inherited)",
				);
				GCC_WARN_64_TO_32_BIT_CONVERSION = YES;
				GCC_WARN_ABOUT_RETURN_TYPE = YES_ERROR;
				GCC_WARN_UNDECLARED_SELECTOR = YES;
				GCC_WARN_UNINITIALIZED_AUTOS = YES_AGGRESSIVE;
				GCC_WARN_UNUSED_FUNCTION = YES;
				GCC_WARN_UNUSED_VARIABLE = YES;
				IPHONEOS_DEPLOYMENT_TARGET = 13.4;
				MTL_ENABLE_DEBUG_INFO = INCLUDE_SOURCE;
				MTL_FAST_MATH = YES;
				ONLY_ACTIVE_ARCH = YES;
				SDKROOT = iphoneos;
				SWIFT_ACTIVE_COMPILATION_CONDITIONS = DEBUG;
				SWIFT_OPTIMIZATION_LEVEL = "-Onone";
			};
			name = Debug;
		};
		F968C5F724920DFD007123DE /* Release */ = {
			isa = XCBuildConfiguration;
			buildSettings = {
				ALWAYS_SEARCH_USER_PATHS = NO;
				CLANG_ANALYZER_NONNULL = YES;
				CLANG_ANALYZER_NUMBER_OBJECT_CONVERSION = YES_AGGRESSIVE;
				CLANG_CXX_LANGUAGE_STANDARD = "gnu++14";
				CLANG_CXX_LIBRARY = "libc++";
				CLANG_ENABLE_MODULES = YES;
				CLANG_ENABLE_OBJC_ARC = YES;
				CLANG_ENABLE_OBJC_WEAK = YES;
				CLANG_WARN_BLOCK_CAPTURE_AUTORELEASING = YES;
				CLANG_WARN_BOOL_CONVERSION = YES;
				CLANG_WARN_COMMA = YES;
				CLANG_WARN_CONSTANT_CONVERSION = YES;
				CLANG_WARN_DEPRECATED_OBJC_IMPLEMENTATIONS = YES;
				CLANG_WARN_DIRECT_OBJC_ISA_USAGE = YES_ERROR;
				CLANG_WARN_DOCUMENTATION_COMMENTS = YES;
				CLANG_WARN_EMPTY_BODY = YES;
				CLANG_WARN_ENUM_CONVERSION = YES;
				CLANG_WARN_INFINITE_RECURSION = YES;
				CLANG_WARN_INT_CONVERSION = YES;
				CLANG_WARN_NON_LITERAL_NULL_CONVERSION = YES;
				CLANG_WARN_OBJC_IMPLICIT_RETAIN_SELF = YES;
				CLANG_WARN_OBJC_LITERAL_CONVERSION = YES;
				CLANG_WARN_OBJC_ROOT_CLASS = YES_ERROR;
				CLANG_WARN_RANGE_LOOP_ANALYSIS = YES;
				CLANG_WARN_STRICT_PROTOTYPES = YES;
				CLANG_WARN_SUSPICIOUS_MOVE = YES;
				CLANG_WARN_UNGUARDED_AVAILABILITY = YES_AGGRESSIVE;
				CLANG_WARN_UNREACHABLE_CODE = YES;
				CLANG_WARN__DUPLICATE_METHOD_MATCH = YES;
				COPY_PHASE_STRIP = NO;
				DEBUG_INFORMATION_FORMAT = "dwarf-with-dsym";
				ENABLE_NS_ASSERTIONS = NO;
				ENABLE_STRICT_OBJC_MSGSEND = YES;
				GCC_C_LANGUAGE_STANDARD = gnu11;
				GCC_NO_COMMON_BLOCKS = YES;
				GCC_WARN_64_TO_32_BIT_CONVERSION = YES;
				GCC_WARN_ABOUT_RETURN_TYPE = YES_ERROR;
				GCC_WARN_UNDECLARED_SELECTOR = YES;
				GCC_WARN_UNINITIALIZED_AUTOS = YES_AGGRESSIVE;
				GCC_WARN_UNUSED_FUNCTION = YES;
				GCC_WARN_UNUSED_VARIABLE = YES;
				IPHONEOS_DEPLOYMENT_TARGET = 13.4;
				MTL_ENABLE_DEBUG_INFO = NO;
				MTL_FAST_MATH = YES;
				SDKROOT = iphoneos;
				SWIFT_COMPILATION_MODE = wholemodule;
				SWIFT_OPTIMIZATION_LEVEL = "-O";
				VALIDATE_PRODUCT = YES;
			};
			name = Release;
		};
		F968C5F924920DFD007123DE /* Debug */ = {
			isa = XCBuildConfiguration;
			baseConfigurationReference = 955B54623F2F812DD5FAD6B7 /* Pods-projetDev3.debug.xcconfig */;
			buildSettings = {
				ASSETCATALOG_COMPILER_APPICON_NAME = AppIcon;
				CODE_SIGN_STYLE = Automatic;
				DEVELOPMENT_TEAM = U59458GST7;
				INFOPLIST_FILE = projetDev3/Info.plist;
				LD_RUNPATH_SEARCH_PATHS = (
					"$(inherited)",
					"@executable_path/Frameworks",
				);
				PRODUCT_BUNDLE_IDENTIFIER = dev.projetDev3;
				PRODUCT_NAME = "$(TARGET_NAME)";
				SWIFT_VERSION = 5.0;
				TARGETED_DEVICE_FAMILY = "1,2";
			};
			name = Debug;
		};
		F968C5FA24920DFD007123DE /* Release */ = {
			isa = XCBuildConfiguration;
			baseConfigurationReference = A85DB04089062ECCE203730D /* Pods-projetDev3.release.xcconfig */;
			buildSettings = {
				ASSETCATALOG_COMPILER_APPICON_NAME = AppIcon;
				CODE_SIGN_STYLE = Automatic;
				DEVELOPMENT_TEAM = U59458GST7;
				INFOPLIST_FILE = projetDev3/Info.plist;
				LD_RUNPATH_SEARCH_PATHS = (
					"$(inherited)",
					"@executable_path/Frameworks",
				);
				PRODUCT_BUNDLE_IDENTIFIER = dev.projetDev3;
				PRODUCT_NAME = "$(TARGET_NAME)";
				SWIFT_VERSION = 5.0;
				TARGETED_DEVICE_FAMILY = "1,2";
			};
			name = Release;
		};
/* End XCBuildConfiguration section */

/* Begin XCConfigurationList section */
		F968C5DF24920DFB007123DE /* Build configuration list for PBXProject "projetDev3" */ = {
			isa = XCConfigurationList;
			buildConfigurations = (
				F968C5F624920DFD007123DE /* Debug */,
				F968C5F724920DFD007123DE /* Release */,
			);
			defaultConfigurationIsVisible = 0;
			defaultConfigurationName = Release;
		};
		F968C5F824920DFD007123DE /* Build configuration list for PBXNativeTarget "projetDev3" */ = {
			isa = XCConfigurationList;
			buildConfigurations = (
				F968C5F924920DFD007123DE /* Debug */,
				F968C5FA24920DFD007123DE /* Release */,
			);
			defaultConfigurationIsVisible = 0;
			defaultConfigurationName = Release;
		};
/* End XCConfigurationList section */
	};
	rootObject = F968C5DC24920DFB007123DE /* Project object */;
}
